
Microsoft Visual Studio Solution File, Format Version 12.00
# Visual Studio 15
VisualStudioVersion = 15.0.27703.2026
MinimumVisualStudioVersion = 10.0.40219.1
Project("{E24C65DC-7377-472B-9ABA-BC803B73C61A}") = "dashboard", ".", "{E450626D-740D-4CC0-B405-CB3A2AF87B8B}"
	ProjectSection(WebsiteProperties) = preProject
		TargetFrameworkMoniker = ".NETFramework,Version%3Dv4.0"
		Debug.AspNetCompiler.VirtualPath = "/localhost_52730"
		Debug.AspNetCompiler.PhysicalPath = "..\dashboard\"
		Debug.AspNetCompiler.TargetPath = "PrecompiledWeb\localhost_52730\"
		Debug.AspNetCompiler.Updateable = "true"
		Debug.AspNetCompiler.ForceOverwrite = "true"
		Debug.AspNetCompiler.FixedNames = "false"
		Debug.AspNetCompiler.Debug = "True"
		Release.AspNetCompiler.VirtualPath = "/localhost_52730"
		Release.AspNetCompiler.PhysicalPath = "..\dashboard\"
		Release.AspNetCompiler.TargetPath = "PrecompiledWeb\localhost_52730\"
		Release.AspNetCompiler.Updateable = "true"
		Release.AspNetCompiler.ForceOverwrite = "true"
		Release.AspNetCompiler.FixedNames = "false"
		Release.AspNetCompiler.Debug = "False"
		VWDPort = "52730"
		SlnRelativePath = "..\dashboard\"
	EndProjectSection
EndProject
Project("{E24C65DC-7377-472B-9ABA-BC803B73C61A}") = "Micros2", "..\Micros2\", "{61607B55-BBC8-48AB-8B20-419E65752DB0}"
	ProjectSection(WebsiteProperties) = preProject
		TargetFrameworkMoniker = ".NETFramework,Version%3Dv4.0"
		Debug.AspNetCompiler.VirtualPath = "/localhost_64238"
		Debug.AspNetCompiler.PhysicalPath = "..\Micros2\"
		Debug.AspNetCompiler.TargetPath = "PrecompiledWeb\localhost_64238\"
		Debug.AspNetCompiler.Updateable = "true"
		Debug.AspNetCompiler.ForceOverwrite = "true"
		Debug.AspNetCompiler.FixedNames = "false"
		Debug.AspNetCompiler.Debug = "True"
		Release.AspNetCompiler.VirtualPath = "/localhost_64238"
		Release.AspNetCompiler.PhysicalPath = "..\Micros2\"
		Release.AspNetCompiler.TargetPath = "PrecompiledWeb\localhost_64238\"
		Release.AspNetCompiler.Updateable = "true"
		Release.AspNetCompiler.ForceOverwrite = "true"
		Release.AspNetCompiler.FixedNames = "false"
		Release.AspNetCompiler.Debug = "False"
		VWDPort = "64238"
		SlnRelativePath = "..\Micros2\"
	EndProjectSection
EndProject
Project("{E24C65DC-7377-472B-9ABA-BC803B73C61A}") = "MICROS1", "..\MICROS1\", "{09927E7F-7365-481C-B16C-047FC4DCD0C7}"
	ProjectSection(WebsiteProperties) = preProject
		TargetFrameworkMoniker = ".NETFramework,Version%3Dv4.0"
		Debug.AspNetCompiler.VirtualPath = "/localhost_64874"
		Debug.AspNetCompiler.PhysicalPath = "..\MICROS1\"
		Debug.AspNetCompiler.TargetPath = "PrecompiledWeb\localhost_64874\"
		Debug.AspNetCompiler.Updateable = "true"
		Debug.AspNetCompiler.ForceOverwrite = "true"
		Debug.AspNetCompiler.FixedNames = "false"
		Debug.AspNetCompiler.Debug = "True"
		Release.AspNetCompiler.VirtualPath = "/localhost_64874"
		Release.AspNetCompiler.PhysicalPath = "..\MICROS1\"
		Release.AspNetCompiler.TargetPath = "PrecompiledWeb\localhost_64874\"
		Release.AspNetCompiler.Updateable = "true"
		Release.AspNetCompiler.ForceOverwrite = "true"
		Release.AspNetCompiler.FixedNames = "false"
		Release.AspNetCompiler.Debug = "False"
		VWDPort = "64874"
		SlnRelativePath = "..\MICROS1\"
	EndProjectSection
EndProject
Global
	GlobalSection(SolutionConfigurationPlatforms) = preSolution
		Debug|Any CPU = Debug|Any CPU
	EndGlobalSection
	GlobalSection(ProjectConfigurationPlatforms) = postSolution
		{E450626D-740D-4CC0-B405-CB3A2AF87B8B}.Debug|Any CPU.ActiveCfg = Debug|Any CPU
		{E450626D-740D-4CC0-B405-CB3A2AF87B8B}.Debug|Any CPU.Build.0 = Debug|Any CPU
		{61607B55-BBC8-48AB-8B20-419E65752DB0}.Debug|Any CPU.ActiveCfg = Debug|Any CPU
		{61607B55-BBC8-48AB-8B20-419E65752DB0}.Debug|Any CPU.Build.0 = Debug|Any CPU
		{09927E7F-7365-481C-B16C-047FC4DCD0C7}.Debug|Any CPU.ActiveCfg = Debug|Any CPU
		{09927E7F-7365-481C-B16C-047FC4DCD0C7}.Debug|Any CPU.Build.0 = Debug|Any CPU
	EndGlobalSection
	GlobalSection(SolutionProperties) = preSolution
		HideSolutionNode = FALSE
	EndGlobalSection
	GlobalSection(ExtensibilityGlobals) = postSolution
		SolutionGuid = {E817F384-77BE-4E36-9355-2DC72E593E52}
	EndGlobalSection
EndGlobal
